
Microsoft Visual Studio Solution File, Format Version 12.00
# Visual Studio Version 17
VisualStudioVersion = 17.11.35327.3
MinimumVisualStudioVersion = 10.0.40219.1
Project("{FAE04EC0-301F-11D3-BF4B-00C04F79EFBC}") = "CyberShoppeeDataAccessLayer", "CyberShoppeeDataAccessLayer\CyberShoppeeDataAccessLayer.csproj", "{8BCD1D43-62A8-4C28-BAD1-97E713DC6AF0}"
EndProject
Project("{FAE04EC0-301F-11D3-BF4B-00C04F79EFBC}") = "CyberShoppeeApi", "CyberShoppeeApi\CyberShoppeeApi.csproj", "{B3EA8225-5681-4545-9E8D-D53CD5F6D77E}"
EndProject
Project("{FAE04EC0-301F-11D3-BF4B-00C04F79EFBC}") = "CyberShoppeeWebClient", "CyberShoppeeWebClient\CyberShoppeeWebClient.csproj", "{983CD48C-17D7-4D8F-9DC3-4D1205813EF1}"
EndProject
Global
	GlobalSection(SolutionConfigurationPlatforms) = preSolution
		Debug|Any CPU = Debug|Any CPU
		Release|Any CPU = Release|Any CPU
	EndGlobalSection
	GlobalSection(ProjectConfigurationPlatforms) = postSolution
		{8BCD1D43-62A8-4C28-BAD1-97E713DC6AF0}.Debug|Any CPU.ActiveCfg = Debug|Any CPU
		{8BCD1D43-62A8-4C28-BAD1-97E713DC6AF0}.Debug|Any CPU.Build.0 = Debug|Any CPU
		{8BCD1D43-62A8-4C28-BAD1-97E713DC6AF0}.Release|Any CPU.ActiveCfg = Release|Any CPU
		{8BCD1D43-62A8-4C28-BAD1-97E713DC6AF0}.Release|Any CPU.Build.0 = Release|Any CPU
		{B3EA8225-5681-4545-9E8D-D53CD5F6D77E}.Debug|Any CPU.ActiveCfg = Debug|Any CPU
		{B3EA8225-5681-4545-9E8D-D53CD5F6D77E}.Debug|Any CPU.Build.0 = Debug|Any CPU
		{B3EA8225-5681-4545-9E8D-D53CD5F6D77E}.Release|Any CPU.ActiveCfg = Release|Any CPU
		{B3EA8225-5681-4545-9E8D-D53CD5F6D77E}.Release|Any CPU.Build.0 = Release|Any CPU
		{983CD48C-17D7-4D8F-9DC3-4D1205813EF1}.Debug|Any CPU.ActiveCfg = Debug|Any CPU
		{983CD48C-17D7-4D8F-9DC3-4D1205813EF1}.Debug|Any CPU.Build.0 = Debug|Any CPU
		{983CD48C-17D7-4D8F-9DC3-4D1205813EF1}.Release|Any CPU.ActiveCfg = Release|Any CPU
		{983CD48C-17D7-4D8F-9DC3-4D1205813EF1}.Release|Any CPU.Build.0 = Release|Any CPU
	EndGlobalSection
	GlobalSection(SolutionProperties) = preSolution
		HideSolutionNode = FALSE
	EndGlobalSection
	GlobalSection(ExtensibilityGlobals) = postSolution
		SolutionGuid = {C59C1ED4-7BDE-4059-932E-158525F82C87}
	EndGlobalSection
EndGlobal
